# This file is autogenerated, do not edit; changes may be undone by the next 'dep ensure'.


[[projects]]
  branch = "master"
  name = "github.com/alecthomas/template"
  packages = [
    ".",
    "parse"
  ]
  revision = "a0175ee3bccc567396460bf5acd36800cb10c49c"

[[projects]]
  branch = "master"
  name = "github.com/integrii/flaggy"
  packages = ["."]
  revision = "edaf7a3804f8833441472b9462f4804cefcfc650"

[solve-meta]
  analyzer-name = "dep"
  analyzer-version = 1
  inputs-digest = "8daa47b9cb448048939962cbad6cc4fab269608957bb8f9656569faf79edc8ed"
  solver-name = "gps-cdcl"
  solver-version = 1
